
Microsoft Visual Studio Solution File, Format Version 12.00
# Visual Studio Version 16
VisualStudioVersion = 16.0.30225.117
MinimumVisualStudioVersion = 10.0.40219.1
Project("{FAE04EC0-301F-11D3-BF4B-00C04F79EFBC}") = "SerializationAssignment", "SerializationAssignment\SerializationAssignment.csproj", "{1F424794-F694-4153-B0A9-00740B0D585B}"
EndProject
Global
	GlobalSection(SolutionConfigurationPlatforms) = preSolution
		Debug|Any CPU = Debug|Any CPU
		Release|Any CPU = Release|Any CPU
	EndGlobalSection
	GlobalSection(ProjectConfigurationPlatforms) = postSolution
		{1F424794-F694-4153-B0A9-00740B0D585B}.Debug|Any CPU.ActiveCfg = Debug|Any CPU
		{1F424794-F694-4153-B0A9-00740B0D585B}.Debug|Any CPU.Build.0 = Debug|Any CPU
		{1F424794-F694-4153-B0A9-00740B0D585B}.Release|Any CPU.ActiveCfg = Release|Any CPU
		{1F424794-F694-4153-B0A9-00740B0D585B}.Release|Any CPU.Build.0 = Release|Any CPU
	EndGlobalSection
	GlobalSection(SolutionProperties) = preSolution
		HideSolutionNode = FALSE
	EndGlobalSection
	GlobalSection(ExtensibilityGlobals) = postSolution
		SolutionGuid = {8FADC267-1497-440D-8B73-F1679F1456E5}
	EndGlobalSection
EndGlobal
